// !$*UTF8*$!
{
	archiveVersion = 1;
	classes = {
	};
	objectVersion = 48;
	objects = {

/* Begin PBXBuildFile section */
		30ED3DBB206698E500FFBFDA /* AppDelegate.swift in Sources */ = {isa = PBXBuildFile; fileRef = 30ED3DBA206698E500FFBFDA /* AppDelegate.swift */; };
		30ED3DBD206698E500FFBFDA /* ViewController.swift in Sources */ = {isa = PBXBuildFile; fileRef = 30ED3DBC206698E500FFBFDA /* ViewController.swift */; };
		30ED3DC0206698E500FFBFDA /* Main.storyboard in Resources */ = {isa = PBXBuildFile; fileRef = 30ED3DBE206698E500FFBFDA /* Main.storyboard */; };
		30ED3DC2206698E500FFBFDA /* Assets.xcassets in Resources */ = {isa = PBXBuildFile; fileRef = 30ED3DC1206698E500FFBFDA /* Assets.xcassets */; };
		30ED3DC5206698E500FFBFDA /* LaunchScreen.storyboard in Resources */ = {isa = PBXBuildFile; fileRef = 30ED3DC3206698E500FFBFDA /* LaunchScreen.storyboard */; };
/* End PBXBuildFile section */

/* Begin PBXFileReference section */
		30ED3DB7206698E500FFBFDA /* Ollie Whats The Weather.app */ = {isa = PBXFileReference; explicitFileType = wrapper.application; includeInIndex = 0; path = "Ollie Whats The Weather.app"; sourceTree = BUILT_PRODUCTS_DIR; };
		30ED3DBA206698E500FFBFDA /* AppDelegate.swift */ = {isa = PBXFileReference; lastKnownFileType = sourcecode.swift; path = AppDelegate.swift; sourceTree = "<group>"; };
		30ED3DBC206698E500FFBFDA /* ViewController.swift */ = {isa = PBXFileReference; lastKnownFileType = sourcecode.swift; path = ViewController.swift; sourceTree = "<group>"; };
		30ED3DBF206698E500FFBFDA /* Base */ = {isa = PBXFileReference; lastKnownFileType = file.storyboard; name = Base; path = Base.lproj/Main.storyboard; sourceTree = "<group>"; };
		30ED3DC1206698E500FFBFDA /* Assets.xcassets */ = {isa = PBXFileReference; lastKnownFileType = folder.assetcatalog; path = Assets.xcassets; sourceTree = "<group>"; };
		30ED3DC4206698E500FFBFDA /* Base */ = {isa = PBXFileReference; lastKnownFileType = file.storyboard; name = Base; path = Base.lproj/LaunchScreen.storyboard; sourceTree = "<group>"; };
		30ED3DC6206698E600FFBFDA /* Info.plist */ = {isa = PBXFileReference; lastKnownFileType = text.plist.xml; path = Info.plist; sourceTree = "<group>"; };
/* End PBXFileReference section */

/* Begin PBXFrameworksBuildPhase section */
		30ED3DB4206698E500FFBFDA /* Frameworks */ = {
			isa = PBXFrameworksBuildPhase;
			buildActionMask = 2147483647;
			files = (
			);
			runOnlyForDeploymentPostprocessing = 0;
		};
/* End PBXFrameworksBuildPhase section */

/* Begin PBXGroup section */
		30ED3DAE206698E500FFBFDA = {
			isa = PBXGroup;
			children = (
				30ED3DB9206698E500FFBFDA /* Ollie Whats The Weather */,
				30ED3DB8206698E500FFBFDA /* Products */,
			);
			sourceTree = "<group>";
		};
		30ED3DB8206698E500FFBFDA /* Products */ = {
			isa = PBXGroup;
			children = (
				30ED3DB7206698E500FFBFDA /* Ollie Whats The Weather.app */,
			);
			name = Products;
			sourceTree = "<group>";
		};
		30ED3DB9206698E500FFBFDA /* Ollie Whats The Weather */ = {
			isa = PBXGroup;
			children = (
				30ED3DBA206698E500FFBFDA /* AppDelegate.swift */,
				30ED3DBC206698E500FFBFDA /* ViewController.swift */,
				30ED3DBE206698E500FFBFDA /* Main.storyboard */,
				30ED3DC1206698E500FFBFDA /* Assets.xcassets */,
				30ED3DC3206698E500FFBFDA /* LaunchScreen.storyboard */,
				30ED3DC6206698E600FFBFDA /* Info.plist */,
			);
			path = "Ollie Whats The Weather";
			sourceTree = "<group>";
		};
/* End PBXGroup section */

/* Begin PBXNativeTarget section */
		30ED3DB6206698E500FFBFDA /* Ollie Whats The Weather */ = {
			isa = PBXNativeTarget;
			buildConfigurationList = 30ED3DC9206698E600FFBFDA /* Build configuration list for PBXNativeTarget "Ollie Whats The Weather" */;
			buildPhases = (
				30ED3DB3206698E500FFBFDA /* Sources */,
				30ED3DB4206698E500FFBFDA /* Frameworks */,
				30ED3DB5206698E500FFBFDA /* Resources */,
			);
			buildRules = (
			);
			dependencies = (
			);
			name = "Ollie Whats The Weather";
			productName = "Ollie Whats The Weather";
			productReference = 30ED3DB7206698E500FFBFDA /* Ollie Whats The Weather.app */;
			productType = "com.apple.product-type.application";
		};
/* End PBXNativeTarget section */

/* Begin PBXProject section */
		30ED3DAF206698E500FFBFDA /* Project object */ = {
			isa = PBXProject;
			attributes = {
				LastSwiftUpdateCheck = 0920;
				LastUpgradeCheck = 0920;
				ORGANIZATIONNAME = RLabs;
				TargetAttributes = {
					30ED3DB6206698E500FFBFDA = {
						CreatedOnToolsVersion = 9.2;
						ProvisioningStyle = Automatic;
					};
				};
			};
			buildConfigurationList = 30ED3DB2206698E500FFBFDA /* Build configuration list for PBXProject "Ollie Whats The Weather" */;
			compatibilityVersion = "Xcode 8.0";
			developmentRegion = en;
			hasScannedForEncodings = 0;
			knownRegions = (
				en,
				Base,
			);
			mainGroup = 30ED3DAE206698E500FFBFDA;
			productRefGroup = 30ED3DB8206698E500FFBFDA /* Products */;
			projectDirPath = "";
			projectRoot = "";
			targets = (
				30ED3DB6206698E500FFBFDA /* Ollie Whats The Weather */,
			);
		};
/* End PBXProject section */

/* Begin PBXResourcesBuildPhase section */
		30ED3DB5206698E500FFBFDA /* Resources */ = {
			isa = PBXResourcesBuildPhase;
			buildActionMask = 2147483647;
			files = (
				30ED3DC5206698E500FFBFDA /* LaunchScreen.storyboard in Resources */,
				30ED3DC2206698E500FFBFDA /* Assets.xcassets in Resources */,
				30ED3DC0206698E500FFBFDA /* Main.storyboard in Resources */,
			);
			runOnlyForDeploymentPostprocessing = 0;
		};
/* End PBXResourcesBuildPhase section */

/* Begin PBXSourcesBuildPhase section */
		30ED3DB3206698E500FFBFDA /* Sources */ = {
			isa = PBXSourcesBuildPhase;
			buildActionMask = 2147483647;
			files = (
				30ED3DBD206698E500FFBFDA /* ViewController.swift in Sources */,
				30ED3DBB206698E500FFBFDA /* AppDelegate.swift in Sources */,
			);
			runOnlyForDeploymentPostprocessing = 0;
		};
/* End PBXSourcesBuildPhase section */

/* Begin PBXVariantGroup section */
		30ED3DBE206698E500FFBFDA /* Main.storyboard */ = {
			isa = PBXVariantGroup;
			children = (
				30ED3DBF206698E500FFBFDA /* Base */,
			);
			name = Main.storyboard;
			sourceTree = "<group>";
		};
		30ED3DC3206698E500FFBFDA /* LaunchScreen.storyboard */ = {
			isa = PBXVariantGroup;
			children = (
				30ED3DC4206698E500FFBFDA /* Base */,
			);
			name = LaunchScreen.storyboard;
			sourceTree = "<group>";
		};
/* End PBXVariantGroup section */

/* Begin XCBuildConfiguration section */
		30ED3DC7206698E600FFBFDA /* Debug */ = {
			isa = XCBuildConfiguration;
			buildSettings = {
				ALWAYS_SEARCH_USER_PATHS = NO;
				CLANG_ANALYZER_NONNULL = YES;
				CLANG_ANALYZER_NUMBER_OBJECT_CONVERSION = YES_AGGRESSIVE;
				CLANG_CXX_LANGUAGE_STANDARD = "gnu++14";
				CLANG_CXX_LIBRARY = "libc++";
				CLANG_ENABLE_MODULES = YES;
				CLANG_ENABLE_OBJC_ARC = YES;
				CLANG_WARN_BLOCK_CAPTURE_AUTORELEASING = YES;
				CLANG_WARN_BOOL_CONVERSION = YES;
				CLANG_WARN_COMMA = YES;
				CLANG_WARN_CONSTANT_CONVERSION = YES;
				CLANG_WARN_DIRECT_OBJC_ISA_USAGE = YES_ERROR;
				CLANG_WARN_DOCUMENTATION_COMMENTS = YES;
				CLANG_WARN_EMPTY_BODY = YES;
				CLANG_WARN_ENUM_CONVERSION = YES;
				CLANG_WARN_INFINITE_RECURSION = YES;
				CLANG_WARN_INT_CONVERSION = YES;
				CLANG_WARN_NON_LITERAL_NULL_CONVERSION = YES;
				CLANG_WARN_OBJC_LITERAL_CONVERSION = YES;
				CLANG_WARN_OBJC_ROOT_CLASS = YES_ERROR;
				CLANG_WARN_RANGE_LOOP_ANALYSIS = YES;
				CLANG_WARN_STRICT_PROTOTYPES = YES;
				CLANG_WARN_SUSPICIOUS_MOVE = YES;
				CLANG_WARN_UNGUARDED_AVAILABILITY = YES_AGGRESSIVE;
				CLANG_WARN_UNREACHABLE_CODE = YES;
				CLANG_WARN__DUPLICATE_METHOD_MATCH = YES;
				CODE_SIGN_IDENTITY = "iPhone Developer";
				COPY_PHASE_STRIP = NO;
				DEBUG_INFORMATION_FORMAT = dwarf;
				ENABLE_STRICT_OBJC_MSGSEND = YES;
				ENABLE_TESTABILITY = YES;
				GCC_C_LANGUAGE_STANDARD = gnu11;
				GCC_DYNAMIC_NO_PIC = NO;
				GCC_NO_COMMON_BLOCKS = YES;
				GCC_OPTIMIZATION_LEVEL = 0;
				GCC_PREPROCESSOR_DEFINITIONS = (
					"DEBUG=1",
					"$(inherited)",
				);
				GCC_WARN_64_TO_32_BIT_CONVERSION = YES;
				GCC_WARN_ABOUT_RETURN_TYPE = YES_ERROR;
				GCC_WARN_UNDECLARED_SELECTOR = YES;
				GCC_WARN_UNINITIALIZED_AUTOS = YES_AGGRESSIVE;
				GCC_WARN_UNUSED_FUNCTION = YES;
				GCC_WARN_UNUSED_VARIABLE = YES;
				IPHONEOS_DEPLOYMENT_TARGET = 11.2;
				MTL_ENABLE_DEBUG_INFO = YES;
				ONLY_ACTIVE_ARCH = YES;
				SDKROOT = iphoneos;
				SWIFT_ACTIVE_COMPILATION_CONDITIONS = DEBUG;
				SWIFT_OPTIMIZATION_LEVEL = "-Onone";
			};
			name = Debug;
		};
		30ED3DC8206698E600FFBFDA /* Release */ = {
			isa = XCBuildConfiguration;
			buildSettings = {
				ALWAYS_SEARCH_USER_PATHS = NO;
				CLANG_ANALYZER_NONNULL = YES;
				CLANG_ANALYZER_NUMBER_OBJECT_CONVERSION = YES_AGGRESSIVE;
				CLANG_CXX_LANGUAGE_STANDARD = "gnu++14";
				CLANG_CXX_LIBRARY = "libc++";
				CLANG_ENABLE_MODULES = YES;
				CLANG_ENABLE_OBJC_ARC = YES;
				CLANG_WARN_BLOCK_CAPTURE_AUTORELEASING = YES;
				CLANG_WARN_BOOL_CONVERSION = YES;
				CLANG_WARN_COMMA = YES;
				CLANG_WARN_CONSTANT_CONVERSION = YES;
				CLANG_WARN_DIRECT_OBJC_ISA_USAGE = YES_ERROR;
				CLANG_WARN_DOCUMENTATION_COMMENTS = YES;
				CLANG_WARN_EMPTY_BODY = YES;
				CLANG_WARN_ENUM_CONVERSION = YES;
				CLANG_WARN_INFINITE_RECURSION = YES;
				CLANG_WARN_INT_CONVERSION = YES;
				CLANG_WARN_NON_LITERAL_NULL_CONVERSION = YES;
				CLANG_WARN_OBJC_LITERAL_CONVERSION = YES;
				CLANG_WARN_OBJC_ROOT_CLASS = YES_ERROR;
				CLANG_WARN_RANGE_LOOP_ANALYSIS = YES;
				CLANG_WARN_STRICT_PROTOTYPES = YES;
				CLANG_WARN_SUSPICIOUS_MOVE = YES;
				CLANG_WARN_UNGUARDED_AVAILABILITY = YES_AGGRESSIVE;
				CLANG_WARN_UNREACHABLE_CODE = YES;
				CLANG_WARN__DUPLICATE_METHOD_MATCH = YES;
				CODE_SIGN_IDENTITY = "iPhone Developer";
				COPY_PHASE_STRIP = NO;
				DEBUG_INFORMATION_FORMAT = "dwarf-with-dsym";
				ENABLE_NS_ASSERTIONS = NO;
				ENABLE_STRICT_OBJC_MSGSEND = YES;
				GCC_C_LANGUAGE_STANDARD = gnu11;
				GCC_NO_COMMON_BLOCKS = YES;
				GCC_WARN_64_TO_32_BIT_CONVERSION = YES;
				GCC_WARN_ABOUT_RETURN_TYPE = YES_ERROR;
				GCC_WARN_UNDECLARED_SELECTOR = YES;
				GCC_WARN_UNINITIALIZED_AUTOS = YES_AGGRESSIVE;
				GCC_WARN_UNUSED_FUNCTION = YES;
				GCC_WARN_UNUSED_VARIABLE = YES;
				IPHONEOS_DEPLOYMENT_TARGET = 11.2;
				MTL_ENABLE_DEBUG_INFO = NO;
				SDKROOT = iphoneos;
				SWIFT_OPTIMIZATION_LEVEL = "-Owholemodule";
				VALIDATE_PRODUCT = YES;
			};
			name = Release;
		};
		30ED3DCA206698E600FFBFDA /* Debug */ = {
			isa = XCBuildConfiguration;
			buildSettings = {
				ASSETCATALOG_COMPILER_APPICON_NAME = AppIcon;
				CODE_SIGN_STYLE = Automatic;
				DEVELOPMENT_TEAM = 59ZDL3D4PJ;
				INFOPLIST_FILE = "Ollie Whats The Weather/Info.plist";
				LD_RUNPATH_SEARCH_PATHS = "$(inherited) @executable_path/Frameworks";
				PRODUCT_BUNDLE_IDENTIFIER = "tech.rlabs.Ollie-Whats-The-Weather";
				PRODUCT_NAME = "$(TARGET_NAME)";
				SWIFT_VERSION = 4.0;
				TARGETED_DEVICE_FAMILY = "1,2";
			};
			name = Debug;
		};
		30ED3DCB206698E600FFBFDA /* Release */ = {
			isa = XCBuildConfiguration;
			buildSettings = {
				ASSETCATALOG_COMPILER_APPICON_NAME = AppIcon;
				CODE_SIGN_STYLE = Automatic;
				DEVELOPMENT_TEAM = 59ZDL3D4PJ;
				INFOPLIST_FILE = "Ollie Whats The Weather/Info.plist";
				LD_RUNPATH_SEARCH_PATHS = "$(inherited) @executable_path/Frameworks";
				PRODUCT_BUNDLE_IDENTIFIER = "tech.rlabs.Ollie-Whats-The-Weather";
				PRODUCT_NAME = "$(TARGET_NAME)";
				SWIFT_VERSION = 4.0;
				TARGETED_DEVICE_FAMILY = "1,2";
			};
			name = Release;
		};
/* End XCBuildConfiguration section */

/* Begin XCConfigurationList section */
		30ED3DB2206698E500FFBFDA /* Build configuration list for PBXProject "Ollie Whats The Weather" */ = {
			isa = XCConfigurationList;
			buildConfigurations = (
				30ED3DC7206698E600FFBFDA /* Debug */,
				30ED3DC8206698E600FFBFDA /* Release */,
			);
			defaultConfigurationIsVisible = 0;
			defaultConfigurationName = Release;
		};
		30ED3DC9206698E600FFBFDA /* Build configuration list for PBXNativeTarget "Ollie Whats The Weather" */ = {
			isa = XCConfigurationList;
			buildConfigurations = (
				30ED3DCA206698E600FFBFDA /* Debug */,
				30ED3DCB206698E600FFBFDA /* Release */,
			);
			defaultConfigurationIsVisible = 0;
			defaultConfigurationName = Release;
		};
/* End XCConfigurationList section */
	};
	rootObject = 30ED3DAF206698E500FFBFDA /* Project object */;
}
